// !$*UTF8*$!
{
	archiveVersion = 1;
	classes = {
	};
	objectVersion = 46;
	objects = {

/* Begin PBXBuildFile section */
		8B41193B21480B68005E77E4 /* AppDelegate.swift in Sources */ = {isa = PBXBuildFile; fileRef = 8B41193A21480B67005E77E4 /* AppDelegate.swift */; };
		8B41193D21480B68005E77E4 /* ViewController.swift in Sources */ = {isa = PBXBuildFile; fileRef = 8B41193C21480B68005E77E4 /* ViewController.swift */; };
		8B41194021480B68005E77E4 /* Main.storyboard in Resources */ = {isa = PBXBuildFile; fileRef = 8B41193E21480B68005E77E4 /* Main.storyboard */; };
		8B41194321480B68005E77E4 /* FoodXilla.xcdatamodeld in Sources */ = {isa = PBXBuildFile; fileRef = 8B41194121480B68005E77E4 /* FoodXilla.xcdatamodeld */; };
		8B41194521480B68005E77E4 /* Assets.xcassets in Resources */ = {isa = PBXBuildFile; fileRef = 8B41194421480B68005E77E4 /* Assets.xcassets */; };
		8B41194821480B68005E77E4 /* LaunchScreen.storyboard in Resources */ = {isa = PBXBuildFile; fileRef = 8B41194621480B68005E77E4 /* LaunchScreen.storyboard */; };
		8B41195321480B69005E77E4 /* FoodXillaTests.swift in Sources */ = {isa = PBXBuildFile; fileRef = 8B41195221480B69005E77E4 /* FoodXillaTests.swift */; };
		8B41195E21480B6A005E77E4 /* FoodXillaUITests.swift in Sources */ = {isa = PBXBuildFile; fileRef = 8B41195D21480B6A005E77E4 /* FoodXillaUITests.swift */; };
/* End PBXBuildFile section */

/* Begin PBXContainerItemProxy section */
		8B41194F21480B69005E77E4 /* PBXContainerItemProxy */ = {
			isa = PBXContainerItemProxy;
			containerPortal = 8B41192F21480B64005E77E4 /* Project object */;
			proxyType = 1;
			remoteGlobalIDString = 8B41193621480B64005E77E4;
			remoteInfo = FoodXilla;
		};
		8B41195A21480B6A005E77E4 /* PBXContainerItemProxy */ = {
			isa = PBXContainerItemProxy;
			containerPortal = 8B41192F21480B64005E77E4 /* Project object */;
			proxyType = 1;
			remoteGlobalIDString = 8B41193621480B64005E77E4;
			remoteInfo = FoodXilla;
		};
/* End PBXContainerItemProxy section */

/* Begin PBXFileReference section */
		8B41193721480B67005E77E4 /* FoodXilla.app */ = {isa = PBXFileReference; explicitFileType = wrapper.application; includeInIndex = 0; path = FoodXilla.app; sourceTree = BUILT_PRODUCTS_DIR; };
		8B41193A21480B67005E77E4 /* AppDelegate.swift */ = {isa = PBXFileReference; lastKnownFileType = sourcecode.swift; path = AppDelegate.swift; sourceTree = "<group>"; };
		8B41193C21480B68005E77E4 /* ViewController.swift */ = {isa = PBXFileReference; lastKnownFileType = sourcecode.swift; path = ViewController.swift; sourceTree = "<group>"; };
		8B41193F21480B68005E77E4 /* Base */ = {isa = PBXFileReference; lastKnownFileType = file.storyboard; name = Base; path = Base.lproj/Main.storyboard; sourceTree = "<group>"; };
		8B41194221480B68005E77E4 /* FoodXilla.xcdatamodel */ = {isa = PBXFileReference; lastKnownFileType = wrapper.xcdatamodel; path = FoodXilla.xcdatamodel; sourceTree = "<group>"; };
		8B41194421480B68005E77E4 /* Assets.xcassets */ = {isa = PBXFileReference; lastKnownFileType = folder.assetcatalog; path = Assets.xcassets; sourceTree = "<group>"; };
		8B41194721480B68005E77E4 /* Base */ = {isa = PBXFileReference; lastKnownFileType = file.storyboard; name = Base; path = Base.lproj/LaunchScreen.storyboard; sourceTree = "<group>"; };
		8B41194921480B68005E77E4 /* Info.plist */ = {isa = PBXFileReference; lastKnownFileType = text.plist.xml; path = Info.plist; sourceTree = "<group>"; };
		8B41194E21480B69005E77E4 /* FoodXillaTests.xctest */ = {isa = PBXFileReference; explicitFileType = wrapper.cfbundle; includeInIndex = 0; path = FoodXillaTests.xctest; sourceTree = BUILT_PRODUCTS_DIR; };
		8B41195221480B69005E77E4 /* FoodXillaTests.swift */ = {isa = PBXFileReference; lastKnownFileType = sourcecode.swift; path = FoodXillaTests.swift; sourceTree = "<group>"; };
		8B41195421480B69005E77E4 /* Info.plist */ = {isa = PBXFileReference; lastKnownFileType = text.plist.xml; path = Info.plist; sourceTree = "<group>"; };
		8B41195921480B6A005E77E4 /* FoodXillaUITests.xctest */ = {isa = PBXFileReference; explicitFileType = wrapper.cfbundle; includeInIndex = 0; path = FoodXillaUITests.xctest; sourceTree = BUILT_PRODUCTS_DIR; };
		8B41195D21480B6A005E77E4 /* FoodXillaUITests.swift */ = {isa = PBXFileReference; lastKnownFileType = sourcecode.swift; path = FoodXillaUITests.swift; sourceTree = "<group>"; };
		8B41195F21480B6A005E77E4 /* Info.plist */ = {isa = PBXFileReference; lastKnownFileType = text.plist.xml; path = Info.plist; sourceTree = "<group>"; };
/* End PBXFileReference section */

/* Begin PBXFrameworksBuildPhase section */
		8B41193421480B64005E77E4 /* Frameworks */ = {
			isa = PBXFrameworksBuildPhase;
			buildActionMask = 2147483647;
			files = (
			);
			runOnlyForDeploymentPostprocessing = 0;
		};
		8B41194B21480B69005E77E4 /* Frameworks */ = {
			isa = PBXFrameworksBuildPhase;
			buildActionMask = 2147483647;
			files = (
			);
			runOnlyForDeploymentPostprocessing = 0;
		};
		8B41195621480B6A005E77E4 /* Frameworks */ = {
			isa = PBXFrameworksBuildPhase;
			buildActionMask = 2147483647;
			files = (
			);
			runOnlyForDeploymentPostprocessing = 0;
		};
/* End PBXFrameworksBuildPhase section */

/* Begin PBXGroup section */
		8B41192E21480B64005E77E4 = {
			isa = PBXGroup;
			children = (
				8B41193921480B67005E77E4 /* FoodXilla */,
				8B41195121480B69005E77E4 /* FoodXillaTests */,
				8B41195C21480B6A005E77E4 /* FoodXillaUITests */,
				8B41193821480B67005E77E4 /* Products */,
			);
			sourceTree = "<group>";
		};
		8B41193821480B67005E77E4 /* Products */ = {
			isa = PBXGroup;
			children = (
				8B41193721480B67005E77E4 /* FoodXilla.app */,
				8B41194E21480B69005E77E4 /* FoodXillaTests.xctest */,
				8B41195921480B6A005E77E4 /* FoodXillaUITests.xctest */,
			);
			name = Products;
			sourceTree = "<group>";
		};
		8B41193921480B67005E77E4 /* FoodXilla */ = {
			isa = PBXGroup;
			children = (
				8B41193A21480B67005E77E4 /* AppDelegate.swift */,
				8B41193C21480B68005E77E4 /* ViewController.swift */,
				8B41193E21480B68005E77E4 /* Main.storyboard */,
				8B41194421480B68005E77E4 /* Assets.xcassets */,
				8B41194621480B68005E77E4 /* LaunchScreen.storyboard */,
				8B41194921480B68005E77E4 /* Info.plist */,
				8B41194121480B68005E77E4 /* FoodXilla.xcdatamodeld */,
			);
			path = FoodXilla;
			sourceTree = "<group>";
		};
		8B41195121480B69005E77E4 /* FoodXillaTests */ = {
			isa = PBXGroup;
			children = (
				8B41195221480B69005E77E4 /* FoodXillaTests.swift */,
				8B41195421480B69005E77E4 /* Info.plist */,
			);
			path = FoodXillaTests;
			sourceTree = "<group>";
		};
		8B41195C21480B6A005E77E4 /* FoodXillaUITests */ = {
			isa = PBXGroup;
			children = (
				8B41195D21480B6A005E77E4 /* FoodXillaUITests.swift */,
				8B41195F21480B6A005E77E4 /* Info.plist */,
			);
			path = FoodXillaUITests;
			sourceTree = "<group>";
		};
/* End PBXGroup section */

/* Begin PBXNativeTarget section */
		8B41193621480B64005E77E4 /* FoodXilla */ = {
			isa = PBXNativeTarget;
			buildConfigurationList = 8B41196221480B6A005E77E4 /* Build configuration list for PBXNativeTarget "FoodXilla" */;
			buildPhases = (
				8B41193321480B64005E77E4 /* Sources */,
				8B41193421480B64005E77E4 /* Frameworks */,
				8B41193521480B64005E77E4 /* Resources */,
			);
			buildRules = (
			);
			dependencies = (
			);
			name = FoodXilla;
			productName = FoodXilla;
			productReference = 8B41193721480B67005E77E4 /* FoodXilla.app */;
			productType = "com.apple.product-type.application";
		};
		8B41194D21480B69005E77E4 /* FoodXillaTests */ = {
			isa = PBXNativeTarget;
			buildConfigurationList = 8B41196521480B6A005E77E4 /* Build configuration list for PBXNativeTarget "FoodXillaTests" */;
			buildPhases = (
				8B41194A21480B69005E77E4 /* Sources */,
				8B41194B21480B69005E77E4 /* Frameworks */,
				8B41194C21480B69005E77E4 /* Resources */,
			);
			buildRules = (
			);
			dependencies = (
				8B41195021480B69005E77E4 /* PBXTargetDependency */,
			);
			name = FoodXillaTests;
			productName = FoodXillaTests;
			productReference = 8B41194E21480B69005E77E4 /* FoodXillaTests.xctest */;
			productType = "com.apple.product-type.bundle.unit-test";
		};
		8B41195821480B6A005E77E4 /* FoodXillaUITests */ = {
			isa = PBXNativeTarget;
			buildConfigurationList = 8B41196821480B6A005E77E4 /* Build configuration list for PBXNativeTarget "FoodXillaUITests" */;
			buildPhases = (
				8B41195521480B6A005E77E4 /* Sources */,
				8B41195621480B6A005E77E4 /* Frameworks */,
				8B41195721480B6A005E77E4 /* Resources */,
			);
			buildRules = (
			);
			dependencies = (
				8B41195B21480B6A005E77E4 /* PBXTargetDependency */,
			);
			name = FoodXillaUITests;
			productName = FoodXillaUITests;
			productReference = 8B41195921480B6A005E77E4 /* FoodXillaUITests.xctest */;
			productType = "com.apple.product-type.bundle.ui-testing";
		};
/* End PBXNativeTarget section */

/* Begin PBXProject section */
		8B41192F21480B64005E77E4 /* Project object */ = {
			isa = PBXProject;
			attributes = {
				LastSwiftUpdateCheck = 0800;
				LastUpgradeCheck = 0800;
				ORGANIZATIONNAME = "Nano Degree";
				TargetAttributes = {
					8B41193621480B64005E77E4 = {
						CreatedOnToolsVersion = 8.0;
						ProvisioningStyle = Automatic;
					};
					8B41194D21480B69005E77E4 = {
						CreatedOnToolsVersion = 8.0;
						ProvisioningStyle = Automatic;
						TestTargetID = 8B41193621480B64005E77E4;
					};
					8B41195821480B6A005E77E4 = {
						CreatedOnToolsVersion = 8.0;
						ProvisioningStyle = Automatic;
						TestTargetID = 8B41193621480B64005E77E4;
					};
				};
			};
			buildConfigurationList = 8B41193221480B64005E77E4 /* Build configuration list for PBXProject "FoodXilla" */;
			compatibilityVersion = "Xcode 3.2";
			developmentRegion = English;
			hasScannedForEncodings = 0;
			knownRegions = (
				en,
				Base,
			);
			mainGroup = 8B41192E21480B64005E77E4;
			productRefGroup = 8B41193821480B67005E77E4 /* Products */;
			projectDirPath = "";
			projectRoot = "";
			targets = (
				8B41193621480B64005E77E4 /* FoodXilla */,
				8B41194D21480B69005E77E4 /* FoodXillaTests */,
				8B41195821480B6A005E77E4 /* FoodXillaUITests */,
			);
		};
/* End PBXProject section */

/* Begin PBXResourcesBuildPhase section */
		8B41193521480B64005E77E4 /* Resources */ = {
			isa = PBXResourcesBuildPhase;
			buildActionMask = 2147483647;
			files = (
				8B41194821480B68005E77E4 /* LaunchScreen.storyboard in Resources */,
				8B41194521480B68005E77E4 /* Assets.xcassets in Resources */,
				8B41194021480B68005E77E4 /* Main.storyboard in Resources */,
			);
			runOnlyForDeploymentPostprocessing = 0;
		};
		8B41194C21480B69005E77E4 /* Resources */ = {
			isa = PBXResourcesBuildPhase;
			buildActionMask = 2147483647;
			files = (
			);
			runOnlyForDeploymentPostprocessing = 0;
		};
		8B41195721480B6A005E77E4 /* Resources */ = {
			isa = PBXResourcesBuildPhase;
			buildActionMask = 2147483647;
			files = (
			);
			runOnlyForDeploymentPostprocessing = 0;
		};
/* End PBXResourcesBuildPhase section */

/* Begin PBXSourcesBuildPhase section */
		8B41193321480B64005E77E4 /* Sources */ = {
			isa = PBXSourcesBuildPhase;
			buildActionMask = 2147483647;
			files = (
				8B41193D21480B68005E77E4 /* ViewController.swift in Sources */,
				8B41193B21480B68005E77E4 /* AppDelegate.swift in Sources */,
				8B41194321480B68005E77E4 /* FoodXilla.xcdatamodeld in Sources */,
			);
			runOnlyForDeploymentPostprocessing = 0;
		};
		8B41194A21480B69005E77E4 /* Sources */ = {
			isa = PBXSourcesBuildPhase;
			buildActionMask = 2147483647;
			files = (
				8B41195321480B69005E77E4 /* FoodXillaTests.swift in Sources */,
			);
			runOnlyForDeploymentPostprocessing = 0;
		};
		8B41195521480B6A005E77E4 /* Sources */ = {
			isa = PBXSourcesBuildPhase;
			buildActionMask = 2147483647;
			files = (
				8B41195E21480B6A005E77E4 /* FoodXillaUITests.swift in Sources */,
			);
			runOnlyForDeploymentPostprocessing = 0;
		};
/* End PBXSourcesBuildPhase section */

/* Begin PBXTargetDependency section */
		8B41195021480B69005E77E4 /* PBXTargetDependency */ = {
			isa = PBXTargetDependency;
			target = 8B41193621480B64005E77E4 /* FoodXilla */;
			targetProxy = 8B41194F21480B69005E77E4 /* PBXContainerItemProxy */;
		};
		8B41195B21480B6A005E77E4 /* PBXTargetDependency */ = {
			isa = PBXTargetDependency;
			target = 8B41193621480B64005E77E4 /* FoodXilla */;
			targetProxy = 8B41195A21480B6A005E77E4 /* PBXContainerItemProxy */;
		};
/* End PBXTargetDependency section */

/* Begin PBXVariantGroup section */
		8B41193E21480B68005E77E4 /* Main.storyboard */ = {
			isa = PBXVariantGroup;
			children = (
				8B41193F21480B68005E77E4 /* Base */,
			);
			name = Main.storyboard;
			sourceTree = "<group>";
		};
		8B41194621480B68005E77E4 /* LaunchScreen.storyboard */ = {
			isa = PBXVariantGroup;
			children = (
				8B41194721480B68005E77E4 /* Base */,
			);
			name = LaunchScreen.storyboard;
			sourceTree = "<group>";
		};
/* End PBXVariantGroup section */

/* Begin XCBuildConfiguration section */
		8B41196021480B6A005E77E4 /* Debug */ = {
			isa = XCBuildConfiguration;
			buildSettings = {
				ALWAYS_SEARCH_USER_PATHS = NO;
				CLANG_ANALYZER_NONNULL = YES;
				CLANG_CXX_LANGUAGE_STANDARD = "gnu++0x";
				CLANG_CXX_LIBRARY = "libc++";
				CLANG_ENABLE_MODULES = YES;
				CLANG_ENABLE_OBJC_ARC = YES;
				CLANG_WARN_BOOL_CONVERSION = YES;
				CLANG_WARN_CONSTANT_CONVERSION = YES;
				CLANG_WARN_DIRECT_OBJC_ISA_USAGE = YES_ERROR;
				CLANG_WARN_DOCUMENTATION_COMMENTS = YES;
				CLANG_WARN_EMPTY_BODY = YES;
				CLANG_WARN_ENUM_CONVERSION = YES;
				CLANG_WARN_INFINITE_RECURSION = YES;
				CLANG_WARN_INT_CONVERSION = YES;
				CLANG_WARN_OBJC_ROOT_CLASS = YES_ERROR;
				CLANG_WARN_SUSPICIOUS_MOVES = YES;
				CLANG_WARN_UNREACHABLE_CODE = YES;
				CLANG_WARN__DUPLICATE_METHOD_MATCH = YES;
				"CODE_SIGN_IDENTITY[sdk=iphoneos*]" = "iPhone Developer";
				COPY_PHASE_STRIP = NO;
				DEBUG_INFORMATION_FORMAT = dwarf;
				ENABLE_STRICT_OBJC_MSGSEND = YES;
				ENABLE_TESTABILITY = YES;
				GCC_C_LANGUAGE_STANDARD = gnu99;
				GCC_DYNAMIC_NO_PIC = NO;
				GCC_NO_COMMON_BLOCKS = YES;
				GCC_OPTIMIZATION_LEVEL = 0;
				GCC_PREPROCESSOR_DEFINITIONS = (
					"DEBUG=1",
					"$(inherited)",
				);
				GCC_WARN_64_TO_32_BIT_CONVERSION = YES;
				GCC_WARN_ABOUT_RETURN_TYPE = YES_ERROR;
				GCC_WARN_UNDECLARED_SELECTOR = YES;
				GCC_WARN_UNINITIALIZED_AUTOS = YES_AGGRESSIVE;
				GCC_WARN_UNUSED_FUNCTION = YES;
				GCC_WARN_UNUSED_VARIABLE = YES;
				IPHONEOS_DEPLOYMENT_TARGET = 10.0;
				MTL_ENABLE_DEBUG_INFO = YES;
				ONLY_ACTIVE_ARCH = YES;
				SDKROOT = iphoneos;
				SWIFT_ACTIVE_COMPILATION_CONDITIONS = DEBUG;
				SWIFT_OPTIMIZATION_LEVEL = "-Onone";
				TARGETED_DEVICE_FAMILY = "1,2";
			};
			name = Debug;
		};
		8B41196121480B6A005E77E4 /* Release */ = {
			isa = XCBuildConfiguration;
			buildSettings = {
				ALWAYS_SEARCH_USER_PATHS = NO;
				CLANG_ANALYZER_NONNULL = YES;
				CLANG_CXX_LANGUAGE_STANDARD = "gnu++0x";
				CLANG_CXX_LIBRARY = "libc++";
				CLANG_ENABLE_MODULES = YES;
				CLANG_ENABLE_OBJC_ARC = YES;
				CLANG_WARN_BOOL_CONVERSION = YES;
				CLANG_WARN_CONSTANT_CONVERSION = YES;
				CLANG_WARN_DIRECT_OBJC_ISA_USAGE = YES_ERROR;
				CLANG_WARN_DOCUMENTATION_COMMENTS = YES;
				CLANG_WARN_EMPTY_BODY = YES;
				CLANG_WARN_ENUM_CONVERSION = YES;
				CLANG_WARN_INFINITE_RECURSION = YES;
				CLANG_WARN_INT_CONVERSION = YES;
				CLANG_WARN_OBJC_ROOT_CLASS = YES_ERROR;
				CLANG_WARN_SUSPICIOUS_MOVES = YES;
				CLANG_WARN_UNREACHABLE_CODE = YES;
				CLANG_WARN__DUPLICATE_METHOD_MATCH = YES;
				"CODE_SIGN_IDENTITY[sdk=iphoneos*]" = "iPhone Developer";
				COPY_PHASE_STRIP = NO;
				DEBUG_INFORMATION_FORMAT = "dwarf-with-dsym";
				ENABLE_NS_ASSERTIONS = NO;
				ENABLE_STRICT_OBJC_MSGSEND = YES;
				GCC_C_LANGUAGE_STANDARD = gnu99;
				GCC_NO_COMMON_BLOCKS = YES;
				GCC_WARN_64_TO_32_BIT_CONVERSION = YES;
				GCC_WARN_ABOUT_RETURN_TYPE = YES_ERROR;
				GCC_WARN_UNDECLARED_SELECTOR = YES;
				GCC_WARN_UNINITIALIZED_AUTOS = YES_AGGRESSIVE;
				GCC_WARN_UNUSED_FUNCTION = YES;
				GCC_WARN_UNUSED_VARIABLE = YES;
				IPHONEOS_DEPLOYMENT_TARGET = 10.0;
				MTL_ENABLE_DEBUG_INFO = NO;
				SDKROOT = iphoneos;
				SWIFT_OPTIMIZATION_LEVEL = "-Owholemodule";
				TARGETED_DEVICE_FAMILY = "1,2";
				VALIDATE_PRODUCT = YES;
			};
			name = Release;
		};
		8B41196321480B6A005E77E4 /* Debug */ = {
			isa = XCBuildConfiguration;
			buildSettings = {
				ASSETCATALOG_COMPILER_APPICON_NAME = AppIcon;
				INFOPLIST_FILE = FoodXilla/Info.plist;
				LD_RUNPATH_SEARCH_PATHS = "$(inherited) @executable_path/Frameworks";
				PRODUCT_BUNDLE_IDENTIFIER = nanoDegree.FoodXilla;
				PRODUCT_NAME = "$(TARGET_NAME)";
				SWIFT_VERSION = 3.0;
			};
			name = Debug;
		};
		8B41196421480B6A005E77E4 /* Release */ = {
			isa = XCBuildConfiguration;
			buildSettings = {
				ASSETCATALOG_COMPILER_APPICON_NAME = AppIcon;
				INFOPLIST_FILE = FoodXilla/Info.plist;
				LD_RUNPATH_SEARCH_PATHS = "$(inherited) @executable_path/Frameworks";
				PRODUCT_BUNDLE_IDENTIFIER = nanoDegree.FoodXilla;
				PRODUCT_NAME = "$(TARGET_NAME)";
				SWIFT_VERSION = 3.0;
			};
			name = Release;
		};
		8B41196621480B6A005E77E4 /* Debug */ = {
			isa = XCBuildConfiguration;
			buildSettings = {
				ALWAYS_EMBED_SWIFT_STANDARD_LIBRARIES = YES;
				BUNDLE_LOADER = "$(TEST_HOST)";
				INFOPLIST_FILE = FoodXillaTests/Info.plist;
				LD_RUNPATH_SEARCH_PATHS = "$(inherited) @executable_path/Frameworks @loader_path/Frameworks";
				PRODUCT_BUNDLE_IDENTIFIER = nanoDegree.FoodXillaTests;
				PRODUCT_NAME = "$(TARGET_NAME)";
				SWIFT_VERSION = 3.0;
				TEST_HOST = "$(BUILT_PRODUCTS_DIR)/FoodXilla.app/FoodXilla";
			};
			name = Debug;
		};
		8B41196721480B6A005E77E4 /* Release */ = {
			isa = XCBuildConfiguration;
			buildSettings = {
				ALWAYS_EMBED_SWIFT_STANDARD_LIBRARIES = YES;
				BUNDLE_LOADER = "$(TEST_HOST)";
				INFOPLIST_FILE = FoodXillaTests/Info.plist;
				LD_RUNPATH_SEARCH_PATHS = "$(inherited) @executable_path/Frameworks @loader_path/Frameworks";
				PRODUCT_BUNDLE_IDENTIFIER = nanoDegree.FoodXillaTests;
				PRODUCT_NAME = "$(TARGET_NAME)";
				SWIFT_VERSION = 3.0;
				TEST_HOST = "$(BUILT_PRODUCTS_DIR)/FoodXilla.app/FoodXilla";
			};
			name = Release;
		};
		8B41196921480B6A005E77E4 /* Debug */ = {
			isa = XCBuildConfiguration;
			buildSettings = {
				ALWAYS_EMBED_SWIFT_STANDARD_LIBRARIES = YES;
				INFOPLIST_FILE = FoodXillaUITests/Info.plist;
				LD_RUNPATH_SEARCH_PATHS = "$(inherited) @executable_path/Frameworks @loader_path/Frameworks";
				PRODUCT_BUNDLE_IDENTIFIER = nanoDegree.FoodXillaUITests;
				PRODUCT_NAME = "$(TARGET_NAME)";
				SWIFT_VERSION = 3.0;
				TEST_TARGET_NAME = FoodXilla;
			};
			name = Debug;
		};
		8B41196A21480B6A005E77E4 /* Release */ = {
			isa = XCBuildConfiguration;
			buildSettings = {
				ALWAYS_EMBED_SWIFT_STANDARD_LIBRARIES = YES;
				INFOPLIST_FILE = FoodXillaUITests/Info.plist;
				LD_RUNPATH_SEARCH_PATHS = "$(inherited) @executable_path/Frameworks @loader_path/Frameworks";
				PRODUCT_BUNDLE_IDENTIFIER = nanoDegree.FoodXillaUITests;
				PRODUCT_NAME = "$(TARGET_NAME)";
				SWIFT_VERSION = 3.0;
				TEST_TARGET_NAME = FoodXilla;
			};
			name = Release;
		};
/* End XCBuildConfiguration section */

/* Begin XCConfigurationList section */
		8B41193221480B64005E77E4 /* Build configuration list for PBXProject "FoodXilla" */ = {
			isa = XCConfigurationList;
			buildConfigurations = (
				8B41196021480B6A005E77E4 /* Debug */,
				8B41196121480B6A005E77E4 /* Release */,
			);
			defaultConfigurationIsVisible = 0;
			defaultConfigurationName = Release;
		};
		8B41196221480B6A005E77E4 /* Build configuration list for PBXNativeTarget "FoodXilla" */ = {
			isa = XCConfigurationList;
			buildConfigurations = (
				8B41196321480B6A005E77E4 /* Debug */,
				8B41196421480B6A005E77E4 /* Release */,
			);
			defaultConfigurationIsVisible = 0;
		};
		8B41196521480B6A005E77E4 /* Build configuration list for PBXNativeTarget "FoodXillaTests" */ = {
			isa = XCConfigurationList;
			buildConfigurations = (
				8B41196621480B6A005E77E4 /* Debug */,
				8B41196721480B6A005E77E4 /* Release */,
			);
			defaultConfigurationIsVisible = 0;
		};
		8B41196821480B6A005E77E4 /* Build configuration list for PBXNativeTarget "FoodXillaUITests" */ = {
			isa = XCConfigurationList;
			buildConfigurations = (
				8B41196921480B6A005E77E4 /* Debug */,
				8B41196A21480B6A005E77E4 /* Release */,
			);
			defaultConfigurationIsVisible = 0;
		};
/* End XCConfigurationList section */

/* Begin XCVersionGroup section */
		8B41194121480B68005E77E4 /* FoodXilla.xcdatamodeld */ = {
			isa = XCVersionGroup;
			children = (
				8B41194221480B68005E77E4 /* FoodXilla.xcdatamodel */,
			);
			currentVersion = 8B41194221480B68005E77E4 /* FoodXilla.xcdatamodel */;
			path = FoodXilla.xcdatamodeld;
			sourceTree = "<group>";
			versionGroupType = wrapper.xcdatamodel;
		};
/* End XCVersionGroup section */
	};
	rootObject = 8B41192F21480B64005E77E4 /* Project object */;
}
